// !$*UTF8*$!
{
	archiveVersion = 1;
	classes = {
	};
	objectVersion = 50;
	objects = {

/* Begin PBXBuildFile section */
		671AC2CD261F3FE500FFD824 /* subMaterialCell.swift in Sources */ = {isa = PBXBuildFile; fileRef = 671AC2CB261F3FE500FFD824 /* subMaterialCell.swift */; };
		671AC2CE261F3FE500FFD824 /* subMaterialCell.xib in Resources */ = {isa = PBXBuildFile; fileRef = 671AC2CC261F3FE500FFD824 /* subMaterialCell.xib */; };
		F35BCCA8261F47FD001ACEF7 /* SubMaterialViewController.swift in Sources */ = {isa = PBXBuildFile; fileRef = F35BCCA7261F47FD001ACEF7 /* SubMaterialViewController.swift */; };
		F35BCCAC261F4830001ACEF7 /* subMaterial.swift in Sources */ = {isa = PBXBuildFile; fileRef = F35BCCAB261F4830001ACEF7 /* subMaterial.swift */; };
		F35BCCB0261F4876001ACEF7 /* SubMaterialTable.storyboard in Resources */ = {isa = PBXBuildFile; fileRef = F35BCCAF261F4876001ACEF7 /* SubMaterialTable.storyboard */; };
		F36518372621561000ED25DA /* SolutionViewController.swift in Sources */ = {isa = PBXBuildFile; fileRef = F36518362621561000ED25DA /* SolutionViewController.swift */; };
		F3708915261C5B2C0034E509 /* TableMiniExerciseViewController.swift in Sources */ = {isa = PBXBuildFile; fileRef = F3708914261C5B2C0034E509 /* TableMiniExerciseViewController.swift */; };
		F370891B261C65930034E509 /* AnswerCell.swift in Sources */ = {isa = PBXBuildFile; fileRef = F370891A261C65930034E509 /* AnswerCell.swift */; };
		F3803EAF261D583D00B594C4 /* Answer.swift in Sources */ = {isa = PBXBuildFile; fileRef = F3803EAE261D583D00B594C4 /* Answer.swift */; };
		F3803EB2261D5E6600B594C4 /* Question.swift in Sources */ = {isa = PBXBuildFile; fileRef = F3803EB1261D5E6600B594C4 /* Question.swift */; };
		F3803EB5261D5FB000B594C4 /* Step.swift in Sources */ = {isa = PBXBuildFile; fileRef = F3803EB4261D5FB000B594C4 /* Step.swift */; };
		F38B4D3C2623DD4E004452FD /* DetailMaterialViewController.swift in Sources */ = {isa = PBXBuildFile; fileRef = F38B4D3B2623DD4E004452FD /* DetailMaterialViewController.swift */; };
		F38B4D3F2623DE15004452FD /* SubMaterialMaterialViewController.swift in Sources */ = {isa = PBXBuildFile; fileRef = F38B4D3E2623DE15004452FD /* SubMaterialMaterialViewController.swift */; };
		F38B4D422623DEA1004452FD /* PreRequisiteViewController.swift in Sources */ = {isa = PBXBuildFile; fileRef = F38B4D412623DEA1004452FD /* PreRequisiteViewController.swift */; };
		F38B4D462623E36C004452FD /* Summary.swift in Sources */ = {isa = PBXBuildFile; fileRef = F38B4D452623E36C004452FD /* Summary.swift */; };
		F38B4D492623E3BF004452FD /* Detail.swift in Sources */ = {isa = PBXBuildFile; fileRef = F38B4D482623E3BF004452FD /* Detail.swift */; };
		F38B4D4C2623E3FB004452FD /* Result.swift in Sources */ = {isa = PBXBuildFile; fileRef = F38B4D4B2623E3FB004452FD /* Result.swift */; };
		F38B4D522623E72F004452FD /* SummaryViewController.swift in Sources */ = {isa = PBXBuildFile; fileRef = F38B4D512623E72F004452FD /* SummaryViewController.swift */; };
		F38B4D562623E8B4004452FD /* SummaryDetailViewController.swift in Sources */ = {isa = PBXBuildFile; fileRef = F38B4D552623E8B4004452FD /* SummaryDetailViewController.swift */; };
		F38B4D5B2623EAB9004452FD /* ResultTableViewCell.swift in Sources */ = {isa = PBXBuildFile; fileRef = F38B4D592623EAB9004452FD /* ResultTableViewCell.swift */; };
		F38B4D5C2623EAB9004452FD /* ResultTableViewCell.xib in Resources */ = {isa = PBXBuildFile; fileRef = F38B4D5A2623EAB9004452FD /* ResultTableViewCell.xib */; };
		F38B4D602623EAFF004452FD /* SumResultViewController.swift in Sources */ = {isa = PBXBuildFile; fileRef = F38B4D5F2623EAFF004452FD /* SumResultViewController.swift */; };
		F399DBFA262188BA008FFB11 /* Profile.storyboard in Resources */ = {isa = PBXBuildFile; fileRef = F399DBF9262188BA008FFB11 /* Profile.storyboard */; };
		F399DBFD262188DA008FFB11 /* ProfileViewController.swift in Sources */ = {isa = PBXBuildFile; fileRef = F399DBFC262188DA008FFB11 /* ProfileViewController.swift */; };
		F399DC2F26218ADD008FFB11 /* Material.storyboard in Resources */ = {isa = PBXBuildFile; fileRef = F399DC2E26218ADD008FFB11 /* Material.storyboard */; };
		F399DC3226218AFD008FFB11 /* MaterialViewController.swift in Sources */ = {isa = PBXBuildFile; fileRef = F399DC3126218AFD008FFB11 /* MaterialViewController.swift */; };
		F399DC3526218B1C008FFB11 /* TableViewCellMaterial.swift in Sources */ = {isa = PBXBuildFile; fileRef = F399DC3426218B1C008FFB11 /* TableViewCellMaterial.swift */; };
		F399DC3826218B2E008FFB11 /* Material.swift in Sources */ = {isa = PBXBuildFile; fileRef = F399DC3726218B2E008FFB11 /* Material.swift */; };
		F399DC4026218EA5008FFB11 /* MiniExercise.storyboard in Resources */ = {isa = PBXBuildFile; fileRef = F399DC3F26218EA5008FFB11 /* MiniExercise.storyboard */; };
		F3BD0EED26212B0000E89D75 /* ExerciseListView.storyboard in Resources */ = {isa = PBXBuildFile; fileRef = F3BD0EEC26212B0000E89D75 /* ExerciseListView.storyboard */; };
		F3BD0EF026212B3D00E89D75 /* ExerciseListController.swift in Sources */ = {isa = PBXBuildFile; fileRef = F3BD0EEF26212B3D00E89D75 /* ExerciseListController.swift */; };
		F3BD0EF526212BDB00E89D75 /* ExerciseListViewController.swift in Sources */ = {isa = PBXBuildFile; fileRef = F3BD0EF326212BDB00E89D75 /* ExerciseListViewController.swift */; };
		F3BD0EF626212BDB00E89D75 /* ExerciseListViewController.xib in Resources */ = {isa = PBXBuildFile; fileRef = F3BD0EF426212BDB00E89D75 /* ExerciseListViewController.xib */; };
		F3BD0EFD26212CAF00E89D75 /* ExerciseListCell.swift in Sources */ = {isa = PBXBuildFile; fileRef = F3BD0EFB26212CAF00E89D75 /* ExerciseListCell.swift */; };
		F3BD0EFE26212CAF00E89D75 /* ExerciseListCell.xib in Resources */ = {isa = PBXBuildFile; fileRef = F3BD0EFC26212CAF00E89D75 /* ExerciseListCell.xib */; };
		F3BD0F0326212D2C00E89D75 /* Exercise.storyboard in Resources */ = {isa = PBXBuildFile; fileRef = F3BD0F0226212D2C00E89D75 /* Exercise.storyboard */; };
		F3BD0F0726212D6B00E89D75 /* ExerciseController.swift in Sources */ = {isa = PBXBuildFile; fileRef = F3BD0F0626212D6B00E89D75 /* ExerciseController.swift */; };
		F3BD0F0D26212E7000E89D75 /* ExerciseListDetail.storyboard in Resources */ = {isa = PBXBuildFile; fileRef = F3BD0F0C26212E7000E89D75 /* ExerciseListDetail.storyboard */; };
		F3BD0F1026212E9C00E89D75 /* ExerciseListDetailViewController.swift in Sources */ = {isa = PBXBuildFile; fileRef = F3BD0F0F26212E9C00E89D75 /* ExerciseListDetailViewController.swift */; };
		F3BD0F132621304500E89D75 /* ExerciseListDetail.swift in Sources */ = {isa = PBXBuildFile; fileRef = F3BD0F122621304500E89D75 /* ExerciseListDetail.swift */; };
		F3BD0F18262130E300E89D75 /* ExerciseListDetailCell.swift in Sources */ = {isa = PBXBuildFile; fileRef = F3BD0F16262130E300E89D75 /* ExerciseListDetailCell.swift */; };
		F3BD0F19262130E300E89D75 /* ExerciseListDetailCell.xib in Resources */ = {isa = PBXBuildFile; fileRef = F3BD0F17262130E300E89D75 /* ExerciseListDetailCell.xib */; };
		F3BD0F1F262131A200E89D75 /* exerciseFinishViewController.swift in Sources */ = {isa = PBXBuildFile; fileRef = F3BD0F1E262131A200E89D75 /* exerciseFinishViewController.swift */; };
		F3BD0F23262131BC00E89D75 /* exerciseFinish.storyboard in Resources */ = {isa = PBXBuildFile; fileRef = F3BD0F22262131BC00E89D75 /* exerciseFinish.storyboard */; };
		F3FE03DC261EBCDD002E35D6 /* CustomCell.swift in Sources */ = {isa = PBXBuildFile; fileRef = F3FE03DB261EBCDD002E35D6 /* CustomCell.swift */; };
		F3FE03DF261ED6E3002E35D6 /* StepTableViewController.swift in Sources */ = {isa = PBXBuildFile; fileRef = F3FE03DE261ED6E3002E35D6 /* StepTableViewController.swift */; };
		F3FE6E30261ADDC000FA01D0 /* AppDelegate.swift in Sources */ = {isa = PBXBuildFile; fileRef = F3FE6E2F261ADDC000FA01D0 /* AppDelegate.swift */; };
		F3FE6E32261ADDC000FA01D0 /* SceneDelegate.swift in Sources */ = {isa = PBXBuildFile; fileRef = F3FE6E31261ADDC000FA01D0 /* SceneDelegate.swift */; };
		F3FE6E34261ADDC000FA01D0 /* ViewController.swift in Sources */ = {isa = PBXBuildFile; fileRef = F3FE6E33261ADDC000FA01D0 /* ViewController.swift */; };
		F3FE6E37261ADDC000FA01D0 /* Main.storyboard in Resources */ = {isa = PBXBuildFile; fileRef = F3FE6E35261ADDC000FA01D0 /* Main.storyboard */; };
		F3FE6E39261ADDC000FA01D0 /* Assets.xcassets in Resources */ = {isa = PBXBuildFile; fileRef = F3FE6E38261ADDC000FA01D0 /* Assets.xcassets */; };
		F3FE6E3C261ADDC000FA01D0 /* LaunchScreen.storyboard in Resources */ = {isa = PBXBuildFile; fileRef = F3FE6E3A261ADDC000FA01D0 /* LaunchScreen.storyboard */; };
/* End PBXBuildFile section */

/* Begin PBXFileReference section */
		671AC2CB261F3FE500FFD824 /* subMaterialCell.swift */ = {isa = PBXFileReference; lastKnownFileType = sourcecode.swift; path = subMaterialCell.swift; sourceTree = "<group>"; };
		671AC2CC261F3FE500FFD824 /* subMaterialCell.xib */ = {isa = PBXFileReference; lastKnownFileType = file.xib; path = subMaterialCell.xib; sourceTree = "<group>"; };
		F35BCCA7261F47FD001ACEF7 /* SubMaterialViewController.swift */ = {isa = PBXFileReference; lastKnownFileType = sourcecode.swift; path = SubMaterialViewController.swift; sourceTree = "<group>"; };
		F35BCCAB261F4830001ACEF7 /* subMaterial.swift */ = {isa = PBXFileReference; lastKnownFileType = sourcecode.swift; path = subMaterial.swift; sourceTree = "<group>"; };
		F35BCCAF261F4876001ACEF7 /* SubMaterialTable.storyboard */ = {isa = PBXFileReference; lastKnownFileType = file.storyboard; path = SubMaterialTable.storyboard; sourceTree = "<group>"; };
		F36518362621561000ED25DA /* SolutionViewController.swift */ = {isa = PBXFileReference; lastKnownFileType = sourcecode.swift; path = SolutionViewController.swift; sourceTree = "<group>"; };
		F3708914261C5B2C0034E509 /* TableMiniExerciseViewController.swift */ = {isa = PBXFileReference; lastKnownFileType = sourcecode.swift; path = TableMiniExerciseViewController.swift; sourceTree = "<group>"; };
		F370891A261C65930034E509 /* AnswerCell.swift */ = {isa = PBXFileReference; lastKnownFileType = sourcecode.swift; path = AnswerCell.swift; sourceTree = "<group>"; };
		F3803EAE261D583D00B594C4 /* Answer.swift */ = {isa = PBXFileReference; lastKnownFileType = sourcecode.swift; path = Answer.swift; sourceTree = "<group>"; };
		F3803EB1261D5E6600B594C4 /* Question.swift */ = {isa = PBXFileReference; lastKnownFileType = sourcecode.swift; path = Question.swift; sourceTree = "<group>"; };
		F3803EB4261D5FB000B594C4 /* Step.swift */ = {isa = PBXFileReference; lastKnownFileType = sourcecode.swift; path = Step.swift; sourceTree = "<group>"; };
		F38B4D3B2623DD4E004452FD /* DetailMaterialViewController.swift */ = {isa = PBXFileReference; lastKnownFileType = sourcecode.swift; path = DetailMaterialViewController.swift; sourceTree = "<group>"; };
		F38B4D3E2623DE15004452FD /* SubMaterialMaterialViewController.swift */ = {isa = PBXFileReference; lastKnownFileType = sourcecode.swift; path = SubMaterialMaterialViewController.swift; sourceTree = "<group>"; };
		F38B4D412623DEA1004452FD /* PreRequisiteViewController.swift */ = {isa = PBXFileReference; lastKnownFileType = sourcecode.swift; path = PreRequisiteViewController.swift; sourceTree = "<group>"; };
		F38B4D452623E36C004452FD /* Summary.swift */ = {isa = PBXFileReference; lastKnownFileType = sourcecode.swift; path = Summary.swift; sourceTree = "<group>"; };
		F38B4D482623E3BF004452FD /* Detail.swift */ = {isa = PBXFileReference; lastKnownFileType = sourcecode.swift; path = Detail.swift; sourceTree = "<group>"; };
		F38B4D4B2623E3FB004452FD /* Result.swift */ = {isa = PBXFileReference; lastKnownFileType = sourcecode.swift; path = Result.swift; sourceTree = "<group>"; };
		F38B4D512623E72F004452FD /* SummaryViewController.swift */ = {isa = PBXFileReference; lastKnownFileType = sourcecode.swift; path = SummaryViewController.swift; sourceTree = "<group>"; };
		F38B4D552623E8B4004452FD /* SummaryDetailViewController.swift */ = {isa = PBXFileReference; lastKnownFileType = sourcecode.swift; path = SummaryDetailViewController.swift; sourceTree = "<group>"; };
		F38B4D592623EAB9004452FD /* ResultTableViewCell.swift */ = {isa = PBXFileReference; lastKnownFileType = sourcecode.swift; path = ResultTableViewCell.swift; sourceTree = "<group>"; };
		F38B4D5A2623EAB9004452FD /* ResultTableViewCell.xib */ = {isa = PBXFileReference; lastKnownFileType = file.xib; path = ResultTableViewCell.xib; sourceTree = "<group>"; };
		F38B4D5F2623EAFF004452FD /* SumResultViewController.swift */ = {isa = PBXFileReference; lastKnownFileType = sourcecode.swift; path = SumResultViewController.swift; sourceTree = "<group>"; };
		F399DBF9262188BA008FFB11 /* Profile.storyboard */ = {isa = PBXFileReference; lastKnownFileType = file.storyboard; path = Profile.storyboard; sourceTree = "<group>"; };
		F399DBFC262188DA008FFB11 /* ProfileViewController.swift */ = {isa = PBXFileReference; lastKnownFileType = sourcecode.swift; path = ProfileViewController.swift; sourceTree = "<group>"; };
		F399DC2E26218ADD008FFB11 /* Material.storyboard */ = {isa = PBXFileReference; lastKnownFileType = file.storyboard; path = Material.storyboard; sourceTree = "<group>"; };
		F399DC3126218AFD008FFB11 /* MaterialViewController.swift */ = {isa = PBXFileReference; lastKnownFileType = sourcecode.swift; path = MaterialViewController.swift; sourceTree = "<group>"; };
		F399DC3426218B1C008FFB11 /* TableViewCellMaterial.swift */ = {isa = PBXFileReference; lastKnownFileType = sourcecode.swift; path = TableViewCellMaterial.swift; sourceTree = "<group>"; };
		F399DC3726218B2E008FFB11 /* Material.swift */ = {isa = PBXFileReference; lastKnownFileType = sourcecode.swift; path = Material.swift; sourceTree = "<group>"; };
		F399DC3F26218EA5008FFB11 /* MiniExercise.storyboard */ = {isa = PBXFileReference; fileEncoding = 4; lastKnownFileType = file.storyboard; path = MiniExercise.storyboard; sourceTree = "<group>"; };
		F3BD0EEC26212B0000E89D75 /* ExerciseListView.storyboard */ = {isa = PBXFileReference; lastKnownFileType = file.storyboard; path = ExerciseListView.storyboard; sourceTree = "<group>"; };
		F3BD0EEF26212B3D00E89D75 /* ExerciseListController.swift */ = {isa = PBXFileReference; lastKnownFileType = sourcecode.swift; path = ExerciseListController.swift; sourceTree = "<group>"; };
		F3BD0EF326212BDB00E89D75 /* ExerciseListViewController.swift */ = {isa = PBXFileReference; lastKnownFileType = sourcecode.swift; path = ExerciseListViewController.swift; sourceTree = "<group>"; };
		F3BD0EF426212BDB00E89D75 /* ExerciseListViewController.xib */ = {isa = PBXFileReference; lastKnownFileType = file.xib; path = ExerciseListViewController.xib; sourceTree = "<group>"; };
		F3BD0EFB26212CAF00E89D75 /* ExerciseListCell.swift */ = {isa = PBXFileReference; lastKnownFileType = sourcecode.swift; path = ExerciseListCell.swift; sourceTree = "<group>"; };
		F3BD0EFC26212CAF00E89D75 /* ExerciseListCell.xib */ = {isa = PBXFileReference; lastKnownFileType = file.xib; path = ExerciseListCell.xib; sourceTree = "<group>"; };
		F3BD0F0226212D2C00E89D75 /* Exercise.storyboard */ = {isa = PBXFileReference; lastKnownFileType = file.storyboard; path = Exercise.storyboard; sourceTree = "<group>"; };
		F3BD0F0626212D6B00E89D75 /* ExerciseController.swift */ = {isa = PBXFileReference; lastKnownFileType = sourcecode.swift; path = ExerciseController.swift; sourceTree = "<group>"; };
		F3BD0F0C26212E7000E89D75 /* ExerciseListDetail.storyboard */ = {isa = PBXFileReference; lastKnownFileType = file.storyboard; path = ExerciseListDetail.storyboard; sourceTree = "<group>"; };
		F3BD0F0F26212E9C00E89D75 /* ExerciseListDetailViewController.swift */ = {isa = PBXFileReference; lastKnownFileType = sourcecode.swift; path = ExerciseListDetailViewController.swift; sourceTree = "<group>"; };
		F3BD0F122621304500E89D75 /* ExerciseListDetail.swift */ = {isa = PBXFileReference; lastKnownFileType = sourcecode.swift; path = ExerciseListDetail.swift; sourceTree = "<group>"; };
		F3BD0F16262130E300E89D75 /* ExerciseListDetailCell.swift */ = {isa = PBXFileReference; lastKnownFileType = sourcecode.swift; path = ExerciseListDetailCell.swift; sourceTree = "<group>"; };
		F3BD0F17262130E300E89D75 /* ExerciseListDetailCell.xib */ = {isa = PBXFileReference; lastKnownFileType = file.xib; path = ExerciseListDetailCell.xib; sourceTree = "<group>"; };
		F3BD0F1E262131A200E89D75 /* exerciseFinishViewController.swift */ = {isa = PBXFileReference; lastKnownFileType = sourcecode.swift; path = exerciseFinishViewController.swift; sourceTree = "<group>"; };
		F3BD0F22262131BC00E89D75 /* exerciseFinish.storyboard */ = {isa = PBXFileReference; lastKnownFileType = file.storyboard; path = exerciseFinish.storyboard; sourceTree = "<group>"; };
		F3FE03DB261EBCDD002E35D6 /* CustomCell.swift */ = {isa = PBXFileReference; lastKnownFileType = sourcecode.swift; path = CustomCell.swift; sourceTree = "<group>"; };
		F3FE03DE261ED6E3002E35D6 /* StepTableViewController.swift */ = {isa = PBXFileReference; lastKnownFileType = sourcecode.swift; path = StepTableViewController.swift; sourceTree = "<group>"; };
		F3FE6E2C261ADDC000FA01D0 /* 3Go.app */ = {isa = PBXFileReference; explicitFileType = wrapper.application; includeInIndex = 0; path = 3Go.app; sourceTree = BUILT_PRODUCTS_DIR; };
		F3FE6E2F261ADDC000FA01D0 /* AppDelegate.swift */ = {isa = PBXFileReference; lastKnownFileType = sourcecode.swift; path = AppDelegate.swift; sourceTree = "<group>"; };
		F3FE6E31261ADDC000FA01D0 /* SceneDelegate.swift */ = {isa = PBXFileReference; lastKnownFileType = sourcecode.swift; path = SceneDelegate.swift; sourceTree = "<group>"; };
		F3FE6E33261ADDC000FA01D0 /* ViewController.swift */ = {isa = PBXFileReference; lastKnownFileType = sourcecode.swift; path = ViewController.swift; sourceTree = "<group>"; };
		F3FE6E36261ADDC000FA01D0 /* Base */ = {isa = PBXFileReference; lastKnownFileType = file.storyboard; name = Base; path = Base.lproj/Main.storyboard; sourceTree = "<group>"; };
		F3FE6E38261ADDC000FA01D0 /* Assets.xcassets */ = {isa = PBXFileReference; lastKnownFileType = folder.assetcatalog; path = Assets.xcassets; sourceTree = "<group>"; };
		F3FE6E3B261ADDC000FA01D0 /* Base */ = {isa = PBXFileReference; lastKnownFileType = file.storyboard; name = Base; path = Base.lproj/LaunchScreen.storyboard; sourceTree = "<group>"; };
		F3FE6E3D261ADDC000FA01D0 /* Info.plist */ = {isa = PBXFileReference; lastKnownFileType = text.plist.xml; path = Info.plist; sourceTree = "<group>"; };
/* End PBXFileReference section */

/* Begin PBXFrameworksBuildPhase section */
		F3FE6E29261ADDBF00FA01D0 /* Frameworks */ = {
			isa = PBXFrameworksBuildPhase;
			buildActionMask = 2147483647;
			files = (
			);
			runOnlyForDeploymentPostprocessing = 0;
		};
/* End PBXFrameworksBuildPhase section */

/* Begin PBXGroup section */
		671AC2C9261F3F6D00FFD824 /* Submaterial Cell */ = {
			isa = PBXGroup;
			children = (
				671AC2CB261F3FE500FFD824 /* subMaterialCell.swift */,
				671AC2CC261F3FE500FFD824 /* subMaterialCell.xib */,
			);
			path = "Submaterial Cell";
			sourceTree = "<group>";
		};
		F35BCCA6261F47E5001ACEF7 /* Submaterial Controller */ = {
			isa = PBXGroup;
			children = (
				F35BCCA7261F47FD001ACEF7 /* SubMaterialViewController.swift */,
			);
			path = "Submaterial Controller";
			sourceTree = "<group>";
		};
		F3651835262155F400ED25DA /* Solution View Controller */ = {
			isa = PBXGroup;
			children = (
				F36518362621561000ED25DA /* SolutionViewController.swift */,
			);
			path = "Solution View Controller";
			sourceTree = "<group>";
		};
		F3708911261C56EE0034E509 /* Mini Exercise View */ = {
			isa = PBXGroup;
			children = (
				F399DC3F26218EA5008FFB11 /* MiniExercise.storyboard */,
			);
			path = "Mini Exercise View";
			sourceTree = "<group>";
		};
		F3708912261C570B0034E509 /* Mini Exercise Controller */ = {
			isa = PBXGroup;
			children = (
				F3651835262155F400ED25DA /* Solution View Controller */,
				F3708914261C5B2C0034E509 /* TableMiniExerciseViewController.swift */,
				F370891A261C65930034E509 /* AnswerCell.swift */,
				F3FE03DB261EBCDD002E35D6 /* CustomCell.swift */,
				F3FE03DE261ED6E3002E35D6 /* StepTableViewController.swift */,
			);
			path = "Mini Exercise Controller";
			sourceTree = "<group>";
		};
		F38B4D582623EA8C004452FD /* Result Table View Cell */ = {
			isa = PBXGroup;
			children = (
				F38B4D592623EAB9004452FD /* ResultTableViewCell.swift */,
				F38B4D5A2623EAB9004452FD /* ResultTableViewCell.xib */,
			);
			path = "Result Table View Cell";
			sourceTree = "<group>";
		};
		F399DBF7262188A2008FFB11 /* Profile View */ = {
			isa = PBXGroup;
			children = (
				F38B4D582623EA8C004452FD /* Result Table View Cell */,
				F399DBF9262188BA008FFB11 /* Profile.storyboard */,
			);
			path = "Profile View";
			sourceTree = "<group>";
		};
		F399DBF8262188AB008FFB11 /* Profile Controller */ = {
			isa = PBXGroup;
			children = (
				F399DBFC262188DA008FFB11 /* ProfileViewController.swift */,
				F38B4D512623E72F004452FD /* SummaryViewController.swift */,
				F38B4D552623E8B4004452FD /* SummaryDetailViewController.swift */,
				F38B4D5F2623EAFF004452FD /* SumResultViewController.swift */,
			);
			path = "Profile Controller";
			sourceTree = "<group>";
		};
		F399DC2C26218AB3008FFB11 /* Material Controller */ = {
			isa = PBXGroup;
			children = (
				F399DC3126218AFD008FFB11 /* MaterialViewController.swift */,
				F399DC3426218B1C008FFB11 /* TableViewCellMaterial.swift */,
				F38B4D3B2623DD4E004452FD /* DetailMaterialViewController.swift */,
				F38B4D3E2623DE15004452FD /* SubMaterialMaterialViewController.swift */,
				F38B4D412623DEA1004452FD /* PreRequisiteViewController.swift */,
			);
			path = "Material Controller";
			sourceTree = "<group>";
		};
		F399DC2D26218AD0008FFB11 /* Material View */ = {
			isa = PBXGroup;
			children = (
				F399DC2E26218ADD008FFB11 /* Material.storyboard */,
			);
			path = "Material View";
			sourceTree = "<group>";
		};
		F3BD0EEA26212AAE00E89D75 /* Exercise List View */ = {
			isa = PBXGroup;
			children = (
				F3BD0F15262130B800E89D75 /* Exercise List Detail Cell */,
				F3BD0EF926212C6C00E89D75 /* Exercise List Cell */,
				F3BD0F0B26212E5300E89D75 /* Exercise List Detail View */,
				F3BD0EEC26212B0000E89D75 /* ExerciseListView.storyboard */,
			);
			path = "Exercise List View";
			sourceTree = "<group>";
		};
		F3BD0EEB26212ABB00E89D75 /* Exercise List Controller */ = {
			isa = PBXGroup;
			children = (
				F3BD0F0A26212E1900E89D75 /* Exercise List Detail View Controller */,
				F3BD0EF226212BB900E89D75 /* Exercise List View Controller */,
				F3BD0EEF26212B3D00E89D75 /* ExerciseListController.swift */,
			);
			path = "Exercise List Controller";
			sourceTree = "<group>";
		};
		F3BD0EF226212BB900E89D75 /* Exercise List View Controller */ = {
			isa = PBXGroup;
			children = (
				F3BD0EF326212BDB00E89D75 /* ExerciseListViewController.swift */,
				F3BD0EF426212BDB00E89D75 /* ExerciseListViewController.xib */,
			);
			path = "Exercise List View Controller";
			sourceTree = "<group>";
		};
		F3BD0EF926212C6C00E89D75 /* Exercise List Cell */ = {
			isa = PBXGroup;
			children = (
				F3BD0EFB26212CAF00E89D75 /* ExerciseListCell.swift */,
				F3BD0EFC26212CAF00E89D75 /* ExerciseListCell.xib */,
			);
			path = "Exercise List Cell";
			sourceTree = "<group>";
		};
		F3BD0F0126212D0B00E89D75 /* Exercise View */ = {
			isa = PBXGroup;
			children = (
				F3BD0F0226212D2C00E89D75 /* Exercise.storyboard */,
			);
			path = "Exercise View";
			sourceTree = "<group>";
		};
		F3BD0F0526212D5A00E89D75 /* Exercise Controller */ = {
			isa = PBXGroup;
			children = (
				F3BD0F0626212D6B00E89D75 /* ExerciseController.swift */,
			);
			path = "Exercise Controller";
			sourceTree = "<group>";
		};
		F3BD0F0A26212E1900E89D75 /* Exercise List Detail View Controller */ = {
			isa = PBXGroup;
			children = (
				F3BD0F0F26212E9C00E89D75 /* ExerciseListDetailViewController.swift */,
			);
			path = "Exercise List Detail View Controller";
			sourceTree = "<group>";
		};
		F3BD0F0B26212E5300E89D75 /* Exercise List Detail View */ = {
			isa = PBXGroup;
			children = (
				F3BD0F0C26212E7000E89D75 /* ExerciseListDetail.storyboard */,
			);
			path = "Exercise List Detail View";
			sourceTree = "<group>";
		};
		F3BD0F15262130B800E89D75 /* Exercise List Detail Cell */ = {
			isa = PBXGroup;
			children = (
				F3BD0F16262130E300E89D75 /* ExerciseListDetailCell.swift */,
				F3BD0F17262130E300E89D75 /* ExerciseListDetailCell.xib */,
			);
			path = "Exercise List Detail Cell";
			sourceTree = "<group>";
		};
		F3BD0F1C2621315B00E89D75 /* Exercise Completion View */ = {
			isa = PBXGroup;
			children = (
				F3BD0F22262131BC00E89D75 /* exerciseFinish.storyboard */,
			);
			path = "Exercise Completion View";
			sourceTree = "<group>";
		};
		F3BD0F1D2621317800E89D75 /* Exercise Completion Controller */ = {
			isa = PBXGroup;
			children = (
				F3BD0F1E262131A200E89D75 /* exerciseFinishViewController.swift */,
			);
			path = "Exercise Completion Controller";
			sourceTree = "<group>";
		};
		F3FE6E23261ADDBF00FA01D0 = {
			isa = PBXGroup;
			children = (
				F3FE6E2E261ADDC000FA01D0 /* 3Go */,
				F3FE6E2D261ADDC000FA01D0 /* Products */,
			);
			sourceTree = "<group>";
		};
		F3FE6E2D261ADDC000FA01D0 /* Products */ = {
			isa = PBXGroup;
			children = (
				F3FE6E2C261ADDC000FA01D0 /* 3Go.app */,
			);
			name = Products;
			sourceTree = "<group>";
		};
		F3FE6E2E261ADDC000FA01D0 /* 3Go */ = {
			isa = PBXGroup;
			children = (
				F3FE6E47261ADE0200FA01D0 /* Controller */,
				F3FE6E46261ADDFC00FA01D0 /* View */,
				F3FE6E44261ADDE800FA01D0 /* Model */,
				F3FE6E2F261ADDC000FA01D0 /* AppDelegate.swift */,
				F3FE6E31261ADDC000FA01D0 /* SceneDelegate.swift */,
				F3FE6E38261ADDC000FA01D0 /* Assets.xcassets */,
				F3FE6E3A261ADDC000FA01D0 /* LaunchScreen.storyboard */,
				F3FE6E3D261ADDC000FA01D0 /* Info.plist */,
			);
			path = 3Go;
			sourceTree = "<group>";
		};
		F3FE6E44261ADDE800FA01D0 /* Model */ = {
			isa = PBXGroup;
			children = (
				F3803EAE261D583D00B594C4 /* Answer.swift */,
				F3803EB1261D5E6600B594C4 /* Question.swift */,
				F3803EB4261D5FB000B594C4 /* Step.swift */,
				F35BCCAB261F4830001ACEF7 /* subMaterial.swift */,
				F3BD0F122621304500E89D75 /* ExerciseListDetail.swift */,
				F399DC3726218B2E008FFB11 /* Material.swift */,
				F38B4D452623E36C004452FD /* Summary.swift */,
				F38B4D482623E3BF004452FD /* Detail.swift */,
				F38B4D4B2623E3FB004452FD /* Result.swift */,
			);
			path = Model;
			sourceTree = "<group>";
		};
		F3FE6E46261ADDFC00FA01D0 /* View */ = {
			isa = PBXGroup;
			children = (
				F399DC2D26218AD0008FFB11 /* Material View */,
				F399DBF7262188A2008FFB11 /* Profile View */,
				F3BD0F1C2621315B00E89D75 /* Exercise Completion View */,
				F3BD0F0126212D0B00E89D75 /* Exercise View */,
				F3BD0EEA26212AAE00E89D75 /* Exercise List View */,
				671AC2C9261F3F6D00FFD824 /* Submaterial Cell */,
				F3708911261C56EE0034E509 /* Mini Exercise View */,
				F3FE6E35261ADDC000FA01D0 /* Main.storyboard */,
				F35BCCAF261F4876001ACEF7 /* SubMaterialTable.storyboard */,
			);
			path = View;
			sourceTree = "<group>";
		};
		F3FE6E47261ADE0200FA01D0 /* Controller */ = {
			isa = PBXGroup;
			children = (
				F399DC2C26218AB3008FFB11 /* Material Controller */,
				F399DBF8262188AB008FFB11 /* Profile Controller */,
				F3BD0F1D2621317800E89D75 /* Exercise Completion Controller */,
				F3BD0F0526212D5A00E89D75 /* Exercise Controller */,
				F3BD0EEB26212ABB00E89D75 /* Exercise List Controller */,
				F35BCCA6261F47E5001ACEF7 /* Submaterial Controller */,
				F3708912261C570B0034E509 /* Mini Exercise Controller */,
				F3FE6E33261ADDC000FA01D0 /* ViewController.swift */,
			);
			path = Controller;
			sourceTree = "<group>";
		};
/* End PBXGroup section */

/* Begin PBXNativeTarget section */
		F3FE6E2B261ADDBF00FA01D0 /* 3Go */ = {
			isa = PBXNativeTarget;
			buildConfigurationList = F3FE6E40261ADDC000FA01D0 /* Build configuration list for PBXNativeTarget "3Go" */;
			buildPhases = (
				F3FE6E28261ADDBF00FA01D0 /* Sources */,
				F3FE6E29261ADDBF00FA01D0 /* Frameworks */,
				F3FE6E2A261ADDBF00FA01D0 /* Resources */,
			);
			buildRules = (
			);
			dependencies = (
			);
			name = 3Go;
			productName = 3Go;
			productReference = F3FE6E2C261ADDC000FA01D0 /* 3Go.app */;
			productType = "com.apple.product-type.application";
		};
/* End PBXNativeTarget section */

/* Begin PBXProject section */
		F3FE6E24261ADDBF00FA01D0 /* Project object */ = {
			isa = PBXProject;
			attributes = {
				LastSwiftUpdateCheck = 1240;
				LastUpgradeCheck = 1240;
				TargetAttributes = {
					F3FE6E2B261ADDBF00FA01D0 = {
						CreatedOnToolsVersion = 12.4;
					};
				};
			};
			buildConfigurationList = F3FE6E27261ADDBF00FA01D0 /* Build configuration list for PBXProject "3Go" */;
			compatibilityVersion = "Xcode 9.3";
			developmentRegion = en;
			hasScannedForEncodings = 0;
			knownRegions = (
				en,
				Base,
			);
			mainGroup = F3FE6E23261ADDBF00FA01D0;
			productRefGroup = F3FE6E2D261ADDC000FA01D0 /* Products */;
			projectDirPath = "";
			projectRoot = "";
			targets = (
				F3FE6E2B261ADDBF00FA01D0 /* 3Go */,
			);
		};
/* End PBXProject section */

/* Begin PBXResourcesBuildPhase section */
		F3FE6E2A261ADDBF00FA01D0 /* Resources */ = {
			isa = PBXResourcesBuildPhase;
			buildActionMask = 2147483647;
			files = (
				F3FE6E3C261ADDC000FA01D0 /* LaunchScreen.storyboard in Resources */,
				F3BD0EFE26212CAF00E89D75 /* ExerciseListCell.xib in Resources */,
				F3FE6E39261ADDC000FA01D0 /* Assets.xcassets in Resources */,
				F399DC2F26218ADD008FFB11 /* Material.storyboard in Resources */,
				F3BD0EF626212BDB00E89D75 /* ExerciseListViewController.xib in Resources */,
				F3FE6E37261ADDC000FA01D0 /* Main.storyboard in Resources */,
				F3BD0F19262130E300E89D75 /* ExerciseListDetailCell.xib in Resources */,
				F3BD0F0D26212E7000E89D75 /* ExerciseListDetail.storyboard in Resources */,
				F3BD0F0326212D2C00E89D75 /* Exercise.storyboard in Resources */,
				F3BD0EED26212B0000E89D75 /* ExerciseListView.storyboard in Resources */,
				F38B4D5C2623EAB9004452FD /* ResultTableViewCell.xib in Resources */,
				671AC2CE261F3FE500FFD824 /* subMaterialCell.xib in Resources */,
				F399DC4026218EA5008FFB11 /* MiniExercise.storyboard in Resources */,
				F3BD0F23262131BC00E89D75 /* exerciseFinish.storyboard in Resources */,
				F399DBFA262188BA008FFB11 /* Profile.storyboard in Resources */,
				F35BCCB0261F4876001ACEF7 /* SubMaterialTable.storyboard in Resources */,
			);
			runOnlyForDeploymentPostprocessing = 0;
		};
/* End PBXResourcesBuildPhase section */

/* Begin PBXSourcesBuildPhase section */
		F3FE6E28261ADDBF00FA01D0 /* Sources */ = {
			isa = PBXSourcesBuildPhase;
			buildActionMask = 2147483647;
			files = (
				F399DC3826218B2E008FFB11 /* Material.swift in Sources */,
				F3BD0EF526212BDB00E89D75 /* ExerciseListViewController.swift in Sources */,
				F3BD0F1F262131A200E89D75 /* exerciseFinishViewController.swift in Sources */,
				F3708915261C5B2C0034E509 /* TableMiniExerciseViewController.swift in Sources */,
				F3BD0F0726212D6B00E89D75 /* ExerciseController.swift in Sources */,
				F38B4D3F2623DE15004452FD /* SubMaterialMaterialViewController.swift in Sources */,
				F38B4D4C2623E3FB004452FD /* Result.swift in Sources */,
				F399DC3526218B1C008FFB11 /* TableViewCellMaterial.swift in Sources */,
				F3803EB2261D5E6600B594C4 /* Question.swift in Sources */,
				F399DC3226218AFD008FFB11 /* MaterialViewController.swift in Sources */,
				F3803EB5261D5FB000B594C4 /* Step.swift in Sources */,
				F3FE03DF261ED6E3002E35D6 /* StepTableViewController.swift in Sources */,
				F38B4D562623E8B4004452FD /* SummaryDetailViewController.swift in Sources */,
				F3BD0EFD26212CAF00E89D75 /* ExerciseListCell.swift in Sources */,
				F3FE6E34261ADDC000FA01D0 /* ViewController.swift in Sources */,
				F35BCCA8261F47FD001ACEF7 /* SubMaterialViewController.swift in Sources */,
				F3FE03DC261EBCDD002E35D6 /* CustomCell.swift in Sources */,
				671AC2CD261F3FE500FFD824 /* subMaterialCell.swift in Sources */,
				F38B4D462623E36C004452FD /* Summary.swift in Sources */,
				F38B4D602623EAFF004452FD /* SumResultViewController.swift in Sources */,
				F38B4D422623DEA1004452FD /* PreRequisiteViewController.swift in Sources */,
				F370891B261C65930034E509 /* AnswerCell.swift in Sources */,
				F3BD0EF026212B3D00E89D75 /* ExerciseListController.swift in Sources */,
				F3803EAF261D583D00B594C4 /* Answer.swift in Sources */,
				F38B4D5B2623EAB9004452FD /* ResultTableViewCell.swift in Sources */,
				F38B4D522623E72F004452FD /* SummaryViewController.swift in Sources */,
				F399DBFD262188DA008FFB11 /* ProfileViewController.swift in Sources */,
				F3FE6E30261ADDC000FA01D0 /* AppDelegate.swift in Sources */,
				F35BCCAC261F4830001ACEF7 /* subMaterial.swift in Sources */,
				F3BD0F132621304500E89D75 /* ExerciseListDetail.swift in Sources */,
				F3FE6E32261ADDC000FA01D0 /* SceneDelegate.swift in Sources */,
				F36518372621561000ED25DA /* SolutionViewController.swift in Sources */,
				F3BD0F18262130E300E89D75 /* ExerciseListDetailCell.swift in Sources */,
				F3BD0F1026212E9C00E89D75 /* ExerciseListDetailViewController.swift in Sources */,
				F38B4D3C2623DD4E004452FD /* DetailMaterialViewController.swift in Sources */,
				F38B4D492623E3BF004452FD /* Detail.swift in Sources */,
			);
			runOnlyForDeploymentPostprocessing = 0;
		};
/* End PBXSourcesBuildPhase section */

/* Begin PBXVariantGroup section */
		F3FE6E35261ADDC000FA01D0 /* Main.storyboard */ = {
			isa = PBXVariantGroup;
			children = (
				F3FE6E36261ADDC000FA01D0 /* Base */,
			);
			name = Main.storyboard;
			sourceTree = "<group>";
		};
		F3FE6E3A261ADDC000FA01D0 /* LaunchScreen.storyboard */ = {
			isa = PBXVariantGroup;
			children = (
				F3FE6E3B261ADDC000FA01D0 /* Base */,
			);
			name = LaunchScreen.storyboard;
			sourceTree = "<group>";
		};
/* End PBXVariantGroup section */

/* Begin XCBuildConfiguration section */
		F3FE6E3E261ADDC000FA01D0 /* Debug */ = {
			isa = XCBuildConfiguration;
			buildSettings = {
				ALWAYS_SEARCH_USER_PATHS = NO;
				CLANG_ANALYZER_NONNULL = YES;
				CLANG_ANALYZER_NUMBER_OBJECT_CONVERSION = YES_AGGRESSIVE;
				CLANG_CXX_LANGUAGE_STANDARD = "gnu++14";
				CLANG_CXX_LIBRARY = "libc++";
				CLANG_ENABLE_MODULES = YES;
				CLANG_ENABLE_OBJC_ARC = YES;
				CLANG_ENABLE_OBJC_WEAK = YES;
				CLANG_WARN_BLOCK_CAPTURE_AUTORELEASING = YES;
				CLANG_WARN_BOOL_CONVERSION = YES;
				CLANG_WARN_COMMA = YES;
				CLANG_WARN_CONSTANT_CONVERSION = YES;
				CLANG_WARN_DEPRECATED_OBJC_IMPLEMENTATIONS = YES;
				CLANG_WARN_DIRECT_OBJC_ISA_USAGE = YES_ERROR;
				CLANG_WARN_DOCUMENTATION_COMMENTS = YES;
				CLANG_WARN_EMPTY_BODY = YES;
				CLANG_WARN_ENUM_CONVERSION = YES;
				CLANG_WARN_INFINITE_RECURSION = YES;
				CLANG_WARN_INT_CONVERSION = YES;
				CLANG_WARN_NON_LITERAL_NULL_CONVERSION = YES;
				CLANG_WARN_OBJC_IMPLICIT_RETAIN_SELF = YES;
				CLANG_WARN_OBJC_LITERAL_CONVERSION = YES;
				CLANG_WARN_OBJC_ROOT_CLASS = YES_ERROR;
				CLANG_WARN_QUOTED_INCLUDE_IN_FRAMEWORK_HEADER = YES;
				CLANG_WARN_RANGE_LOOP_ANALYSIS = YES;
				CLANG_WARN_STRICT_PROTOTYPES = YES;
				CLANG_WARN_SUSPICIOUS_MOVE = YES;
				CLANG_WARN_UNGUARDED_AVAILABILITY = YES_AGGRESSIVE;
				CLANG_WARN_UNREACHABLE_CODE = YES;
				CLANG_WARN__DUPLICATE_METHOD_MATCH = YES;
				COPY_PHASE_STRIP = NO;
				DEBUG_INFORMATION_FORMAT = dwarf;
				ENABLE_STRICT_OBJC_MSGSEND = YES;
				ENABLE_TESTABILITY = YES;
				GCC_C_LANGUAGE_STANDARD = gnu11;
				GCC_DYNAMIC_NO_PIC = NO;
				GCC_NO_COMMON_BLOCKS = YES;
				GCC_OPTIMIZATION_LEVEL = 0;
				GCC_PREPROCESSOR_DEFINITIONS = (
					"DEBUG=1",
					"$(inherited)",
				);
				GCC_WARN_64_TO_32_BIT_CONVERSION = YES;
				GCC_WARN_ABOUT_RETURN_TYPE = YES_ERROR;
				GCC_WARN_UNDECLARED_SELECTOR = YES;
				GCC_WARN_UNINITIALIZED_AUTOS = YES_AGGRESSIVE;
				GCC_WARN_UNUSED_FUNCTION = YES;
				GCC_WARN_UNUSED_VARIABLE = YES;
				IPHONEOS_DEPLOYMENT_TARGET = 14.4;
				MTL_ENABLE_DEBUG_INFO = INCLUDE_SOURCE;
				MTL_FAST_MATH = YES;
				ONLY_ACTIVE_ARCH = YES;
				SDKROOT = iphoneos;
				SWIFT_ACTIVE_COMPILATION_CONDITIONS = DEBUG;
				SWIFT_OPTIMIZATION_LEVEL = "-Onone";
			};
			name = Debug;
		};
		F3FE6E3F261ADDC000FA01D0 /* Release */ = {
			isa = XCBuildConfiguration;
			buildSettings = {
				ALWAYS_SEARCH_USER_PATHS = NO;
				CLANG_ANALYZER_NONNULL = YES;
				CLANG_ANALYZER_NUMBER_OBJECT_CONVERSION = YES_AGGRESSIVE;
				CLANG_CXX_LANGUAGE_STANDARD = "gnu++14";
				CLANG_CXX_LIBRARY = "libc++";
				CLANG_ENABLE_MODULES = YES;
				CLANG_ENABLE_OBJC_ARC = YES;
				CLANG_ENABLE_OBJC_WEAK = YES;
				CLANG_WARN_BLOCK_CAPTURE_AUTORELEASING = YES;
				CLANG_WARN_BOOL_CONVERSION = YES;
				CLANG_WARN_COMMA = YES;
				CLANG_WARN_CONSTANT_CONVERSION = YES;
				CLANG_WARN_DEPRECATED_OBJC_IMPLEMENTATIONS = YES;
				CLANG_WARN_DIRECT_OBJC_ISA_USAGE = YES_ERROR;
				CLANG_WARN_DOCUMENTATION_COMMENTS = YES;
				CLANG_WARN_EMPTY_BODY = YES;
				CLANG_WARN_ENUM_CONVERSION = YES;
				CLANG_WARN_INFINITE_RECURSION = YES;
				CLANG_WARN_INT_CONVERSION = YES;
				CLANG_WARN_NON_LITERAL_NULL_CONVERSION = YES;
				CLANG_WARN_OBJC_IMPLICIT_RETAIN_SELF = YES;
				CLANG_WARN_OBJC_LITERAL_CONVERSION = YES;
				CLANG_WARN_OBJC_ROOT_CLASS = YES_ERROR;
				CLANG_WARN_QUOTED_INCLUDE_IN_FRAMEWORK_HEADER = YES;
				CLANG_WARN_RANGE_LOOP_ANALYSIS = YES;
				CLANG_WARN_STRICT_PROTOTYPES = YES;
				CLANG_WARN_SUSPICIOUS_MOVE = YES;
				CLANG_WARN_UNGUARDED_AVAILABILITY = YES_AGGRESSIVE;
				CLANG_WARN_UNREACHABLE_CODE = YES;
				CLANG_WARN__DUPLICATE_METHOD_MATCH = YES;
				COPY_PHASE_STRIP = NO;
				DEBUG_INFORMATION_FORMAT = "dwarf-with-dsym";
				ENABLE_NS_ASSERTIONS = NO;
				ENABLE_STRICT_OBJC_MSGSEND = YES;
				GCC_C_LANGUAGE_STANDARD = gnu11;
				GCC_NO_COMMON_BLOCKS = YES;
				GCC_WARN_64_TO_32_BIT_CONVERSION = YES;
				GCC_WARN_ABOUT_RETURN_TYPE = YES_ERROR;
				GCC_WARN_UNDECLARED_SELECTOR = YES;
				GCC_WARN_UNINITIALIZED_AUTOS = YES_AGGRESSIVE;
				GCC_WARN_UNUSED_FUNCTION = YES;
				GCC_WARN_UNUSED_VARIABLE = YES;
				IPHONEOS_DEPLOYMENT_TARGET = 14.4;
				MTL_ENABLE_DEBUG_INFO = NO;
				MTL_FAST_MATH = YES;
				SDKROOT = iphoneos;
				SWIFT_COMPILATION_MODE = wholemodule;
				SWIFT_OPTIMIZATION_LEVEL = "-O";
				VALIDATE_PRODUCT = YES;
			};
			name = Release;
		};
		F3FE6E41261ADDC000FA01D0 /* Debug */ = {
			isa = XCBuildConfiguration;
			buildSettings = {
				ASSETCATALOG_COMPILER_APPICON_NAME = AppIcon;
				ASSETCATALOG_COMPILER_GLOBAL_ACCENT_COLOR_NAME = AccentColor;
				CODE_SIGN_STYLE = Automatic;
				DEVELOPMENT_TEAM = AM9KG4TB3A;
				INFOPLIST_FILE = 3Go/Info.plist;
				LD_RUNPATH_SEARCH_PATHS = (
					"$(inherited)",
					"@executable_path/Frameworks",
				);
				PRODUCT_BUNDLE_IDENTIFIER = "com.adisurya.-Go";
				PRODUCT_NAME = "$(TARGET_NAME)";
				SWIFT_VERSION = 5.0;
				TARGETED_DEVICE_FAMILY = 1;
			};
			name = Debug;
		};
		F3FE6E42261ADDC000FA01D0 /* Release */ = {
			isa = XCBuildConfiguration;
			buildSettings = {
				ASSETCATALOG_COMPILER_APPICON_NAME = AppIcon;
				ASSETCATALOG_COMPILER_GLOBAL_ACCENT_COLOR_NAME = AccentColor;
				CODE_SIGN_STYLE = Automatic;
				DEVELOPMENT_TEAM = AM9KG4TB3A;
				INFOPLIST_FILE = 3Go/Info.plist;
				LD_RUNPATH_SEARCH_PATHS = (
					"$(inherited)",
					"@executable_path/Frameworks",
				);
				PRODUCT_BUNDLE_IDENTIFIER = "com.adisurya.-Go";
				PRODUCT_NAME = "$(TARGET_NAME)";
				SWIFT_VERSION = 5.0;
				TARGETED_DEVICE_FAMILY = 1;
			};
			name = Release;
		};
/* End XCBuildConfiguration section */

/* Begin XCConfigurationList section */
		F3FE6E27261ADDBF00FA01D0 /* Build configuration list for PBXProject "3Go" */ = {
			isa = XCConfigurationList;
			buildConfigurations = (
				F3FE6E3E261ADDC000FA01D0 /* Debug */,
				F3FE6E3F261ADDC000FA01D0 /* Release */,
			);
			defaultConfigurationIsVisible = 0;
			defaultConfigurationName = Release;
		};
		F3FE6E40261ADDC000FA01D0 /* Build configuration list for PBXNativeTarget "3Go" */ = {
			isa = XCConfigurationList;
			buildConfigurations = (
				F3FE6E41261ADDC000FA01D0 /* Debug */,
				F3FE6E42261ADDC000FA01D0 /* Release */,
			);
			defaultConfigurationIsVisible = 0;
			defaultConfigurationName = Release;
		};
/* End XCConfigurationList section */
	};
	rootObject = F3FE6E24261ADDBF00FA01D0 /* Project object */;
}
