// !$*UTF8*$!
{
	archiveVersion = 1;
	classes = {
	};
	objectVersion = 50;
	objects = {

/* Begin PBXBuildFile section */
		F370890F261C56DB0034E509 /* MiniExercise.storyboard in Resources */ = {isa = PBXBuildFile; fileRef = F370890E261C56DB0034E509 /* MiniExercise.storyboard */; };
		F3708915261C5B2C0034E509 /* TableMiniExerciseViewController.swift in Sources */ = {isa = PBXBuildFile; fileRef = F3708914261C5B2C0034E509 /* TableMiniExerciseViewController.swift */; };
		F370891B261C65930034E509 /* AnswerCell.swift in Sources */ = {isa = PBXBuildFile; fileRef = F370891A261C65930034E509 /* AnswerCell.swift */; };
		F3803EAF261D583D00B594C4 /* Answer.swift in Sources */ = {isa = PBXBuildFile; fileRef = F3803EAE261D583D00B594C4 /* Answer.swift */; };
		F3803EB2261D5E6600B594C4 /* Question.swift in Sources */ = {isa = PBXBuildFile; fileRef = F3803EB1261D5E6600B594C4 /* Question.swift */; };
		F3803EB5261D5FB000B594C4 /* Step.swift in Sources */ = {isa = PBXBuildFile; fileRef = F3803EB4261D5FB000B594C4 /* Step.swift */; };
		F3FE03DC261EBCDD002E35D6 /* CustomCell.swift in Sources */ = {isa = PBXBuildFile; fileRef = F3FE03DB261EBCDD002E35D6 /* CustomCell.swift */; };
		F3FE03DF261ED6E3002E35D6 /* StepTableViewController.swift in Sources */ = {isa = PBXBuildFile; fileRef = F3FE03DE261ED6E3002E35D6 /* StepTableViewController.swift */; };
		F3FE6E30261ADDC000FA01D0 /* AppDelegate.swift in Sources */ = {isa = PBXBuildFile; fileRef = F3FE6E2F261ADDC000FA01D0 /* AppDelegate.swift */; };
		F3FE6E32261ADDC000FA01D0 /* SceneDelegate.swift in Sources */ = {isa = PBXBuildFile; fileRef = F3FE6E31261ADDC000FA01D0 /* SceneDelegate.swift */; };
		F3FE6E34261ADDC000FA01D0 /* ViewController.swift in Sources */ = {isa = PBXBuildFile; fileRef = F3FE6E33261ADDC000FA01D0 /* ViewController.swift */; };
		F3FE6E37261ADDC000FA01D0 /* Main.storyboard in Resources */ = {isa = PBXBuildFile; fileRef = F3FE6E35261ADDC000FA01D0 /* Main.storyboard */; };
		F3FE6E39261ADDC000FA01D0 /* Assets.xcassets in Resources */ = {isa = PBXBuildFile; fileRef = F3FE6E38261ADDC000FA01D0 /* Assets.xcassets */; };
		F3FE6E3C261ADDC000FA01D0 /* LaunchScreen.storyboard in Resources */ = {isa = PBXBuildFile; fileRef = F3FE6E3A261ADDC000FA01D0 /* LaunchScreen.storyboard */; };
/* End PBXBuildFile section */

/* Begin PBXFileReference section */
		F370890E261C56DB0034E509 /* MiniExercise.storyboard */ = {isa = PBXFileReference; lastKnownFileType = file.storyboard; path = MiniExercise.storyboard; sourceTree = "<group>"; };
		F3708914261C5B2C0034E509 /* TableMiniExerciseViewController.swift */ = {isa = PBXFileReference; lastKnownFileType = sourcecode.swift; path = TableMiniExerciseViewController.swift; sourceTree = "<group>"; };
		F370891A261C65930034E509 /* AnswerCell.swift */ = {isa = PBXFileReference; lastKnownFileType = sourcecode.swift; path = AnswerCell.swift; sourceTree = "<group>"; };
		F3803EAE261D583D00B594C4 /* Answer.swift */ = {isa = PBXFileReference; lastKnownFileType = sourcecode.swift; path = Answer.swift; sourceTree = "<group>"; };
		F3803EB1261D5E6600B594C4 /* Question.swift */ = {isa = PBXFileReference; lastKnownFileType = sourcecode.swift; path = Question.swift; sourceTree = "<group>"; };
		F3803EB4261D5FB000B594C4 /* Step.swift */ = {isa = PBXFileReference; lastKnownFileType = sourcecode.swift; path = Step.swift; sourceTree = "<group>"; };
		F3FE03DB261EBCDD002E35D6 /* CustomCell.swift */ = {isa = PBXFileReference; lastKnownFileType = sourcecode.swift; path = CustomCell.swift; sourceTree = "<group>"; };
		F3FE03DE261ED6E3002E35D6 /* StepTableViewController.swift */ = {isa = PBXFileReference; lastKnownFileType = sourcecode.swift; path = StepTableViewController.swift; sourceTree = "<group>"; };
		F3FE6E2C261ADDC000FA01D0 /* 3Go.app */ = {isa = PBXFileReference; explicitFileType = wrapper.application; includeInIndex = 0; path = 3Go.app; sourceTree = BUILT_PRODUCTS_DIR; };
		F3FE6E2F261ADDC000FA01D0 /* AppDelegate.swift */ = {isa = PBXFileReference; lastKnownFileType = sourcecode.swift; path = AppDelegate.swift; sourceTree = "<group>"; };
		F3FE6E31261ADDC000FA01D0 /* SceneDelegate.swift */ = {isa = PBXFileReference; lastKnownFileType = sourcecode.swift; path = SceneDelegate.swift; sourceTree = "<group>"; };
		F3FE6E33261ADDC000FA01D0 /* ViewController.swift */ = {isa = PBXFileReference; lastKnownFileType = sourcecode.swift; path = ViewController.swift; sourceTree = "<group>"; };
		F3FE6E36261ADDC000FA01D0 /* Base */ = {isa = PBXFileReference; lastKnownFileType = file.storyboard; name = Base; path = Base.lproj/Main.storyboard; sourceTree = "<group>"; };
		F3FE6E38261ADDC000FA01D0 /* Assets.xcassets */ = {isa = PBXFileReference; lastKnownFileType = folder.assetcatalog; path = Assets.xcassets; sourceTree = "<group>"; };
		F3FE6E3B261ADDC000FA01D0 /* Base */ = {isa = PBXFileReference; lastKnownFileType = file.storyboard; name = Base; path = Base.lproj/LaunchScreen.storyboard; sourceTree = "<group>"; };
		F3FE6E3D261ADDC000FA01D0 /* Info.plist */ = {isa = PBXFileReference; lastKnownFileType = text.plist.xml; path = Info.plist; sourceTree = "<group>"; };
/* End PBXFileReference section */

/* Begin PBXFrameworksBuildPhase section */
		F3FE6E29261ADDBF00FA01D0 /* Frameworks */ = {
			isa = PBXFrameworksBuildPhase;
			buildActionMask = 2147483647;
			files = (
			);
			runOnlyForDeploymentPostprocessing = 0;
		};
/* End PBXFrameworksBuildPhase section */

/* Begin PBXGroup section */
		F3708911261C56EE0034E509 /* Mini Exercise View */ = {
			isa = PBXGroup;
			children = (
				F370890E261C56DB0034E509 /* MiniExercise.storyboard */,
			);
			path = "Mini Exercise View";
			sourceTree = "<group>";
		};
		F3708912261C570B0034E509 /* Mini Exercise Controller */ = {
			isa = PBXGroup;
			children = (
				F3708914261C5B2C0034E509 /* TableMiniExerciseViewController.swift */,
				F370891A261C65930034E509 /* AnswerCell.swift */,
				F3FE03DB261EBCDD002E35D6 /* CustomCell.swift */,
				F3FE03DE261ED6E3002E35D6 /* StepTableViewController.swift */,
			);
			path = "Mini Exercise Controller";
			sourceTree = "<group>";
		};
		F3FE6E23261ADDBF00FA01D0 = {
			isa = PBXGroup;
			children = (
				F3FE6E2E261ADDC000FA01D0 /* 3Go */,
				F3FE6E2D261ADDC000FA01D0 /* Products */,
			);
			sourceTree = "<group>";
		};
		F3FE6E2D261ADDC000FA01D0 /* Products */ = {
			isa = PBXGroup;
			children = (
				F3FE6E2C261ADDC000FA01D0 /* 3Go.app */,
			);
			name = Products;
			sourceTree = "<group>";
		};
		F3FE6E2E261ADDC000FA01D0 /* 3Go */ = {
			isa = PBXGroup;
			children = (
				F3FE6E47261ADE0200FA01D0 /* Controller */,
				F3FE6E46261ADDFC00FA01D0 /* View */,
				F3FE6E44261ADDE800FA01D0 /* Model */,
				F3FE6E2F261ADDC000FA01D0 /* AppDelegate.swift */,
				F3FE6E31261ADDC000FA01D0 /* SceneDelegate.swift */,
				F3FE6E38261ADDC000FA01D0 /* Assets.xcassets */,
				F3FE6E3A261ADDC000FA01D0 /* LaunchScreen.storyboard */,
				F3FE6E3D261ADDC000FA01D0 /* Info.plist */,
			);
			path = 3Go;
			sourceTree = "<group>";
		};
		F3FE6E44261ADDE800FA01D0 /* Model */ = {
			isa = PBXGroup;
			children = (
				F3803EAE261D583D00B594C4 /* Answer.swift */,
				F3803EB1261D5E6600B594C4 /* Question.swift */,
				F3803EB4261D5FB000B594C4 /* Step.swift */,
			);
			path = Model;
			sourceTree = "<group>";
		};
		F3FE6E46261ADDFC00FA01D0 /* View */ = {
			isa = PBXGroup;
			children = (
				F3708911261C56EE0034E509 /* Mini Exercise View */,
				F3FE6E35261ADDC000FA01D0 /* Main.storyboard */,
			);
			path = View;
			sourceTree = "<group>";
		};
		F3FE6E47261ADE0200FA01D0 /* Controller */ = {
			isa = PBXGroup;
			children = (
				F3708912261C570B0034E509 /* Mini Exercise Controller */,
				F3FE6E33261ADDC000FA01D0 /* ViewController.swift */,
			);
			path = Controller;
			sourceTree = "<group>";
		};
/* End PBXGroup section */

/* Begin PBXNativeTarget section */
		F3FE6E2B261ADDBF00FA01D0 /* 3Go */ = {
			isa = PBXNativeTarget;
			buildConfigurationList = F3FE6E40261ADDC000FA01D0 /* Build configuration list for PBXNativeTarget "3Go" */;
			buildPhases = (
				F3FE6E28261ADDBF00FA01D0 /* Sources */,
				F3FE6E29261ADDBF00FA01D0 /* Frameworks */,
				F3FE6E2A261ADDBF00FA01D0 /* Resources */,
			);
			buildRules = (
			);
			dependencies = (
			);
			name = 3Go;
			productName = 3Go;
			productReference = F3FE6E2C261ADDC000FA01D0 /* 3Go.app */;
			productType = "com.apple.product-type.application";
		};
/* End PBXNativeTarget section */

/* Begin PBXProject section */
		F3FE6E24261ADDBF00FA01D0 /* Project object */ = {
			isa = PBXProject;
			attributes = {
				LastSwiftUpdateCheck = 1240;
				LastUpgradeCheck = 1240;
				TargetAttributes = {
					F3FE6E2B261ADDBF00FA01D0 = {
						CreatedOnToolsVersion = 12.4;
					};
				};
			};
			buildConfigurationList = F3FE6E27261ADDBF00FA01D0 /* Build configuration list for PBXProject "3Go" */;
			compatibilityVersion = "Xcode 9.3";
			developmentRegion = en;
			hasScannedForEncodings = 0;
			knownRegions = (
				en,
				Base,
			);
			mainGroup = F3FE6E23261ADDBF00FA01D0;
			productRefGroup = F3FE6E2D261ADDC000FA01D0 /* Products */;
			projectDirPath = "";
			projectRoot = "";
			targets = (
				F3FE6E2B261ADDBF00FA01D0 /* 3Go */,
			);
		};
/* End PBXProject section */

/* Begin PBXResourcesBuildPhase section */
		F3FE6E2A261ADDBF00FA01D0 /* Resources */ = {
			isa = PBXResourcesBuildPhase;
			buildActionMask = 2147483647;
			files = (
				F3FE6E3C261ADDC000FA01D0 /* LaunchScreen.storyboard in Resources */,
				F3FE6E39261ADDC000FA01D0 /* Assets.xcassets in Resources */,
				F3FE6E37261ADDC000FA01D0 /* Main.storyboard in Resources */,
				F370890F261C56DB0034E509 /* MiniExercise.storyboard in Resources */,
			);
			runOnlyForDeploymentPostprocessing = 0;
		};
/* End PBXResourcesBuildPhase section */

/* Begin PBXSourcesBuildPhase section */
		F3FE6E28261ADDBF00FA01D0 /* Sources */ = {
			isa = PBXSourcesBuildPhase;
			buildActionMask = 2147483647;
			files = (
				F3708915261C5B2C0034E509 /* TableMiniExerciseViewController.swift in Sources */,
				F3803EB2261D5E6600B594C4 /* Question.swift in Sources */,
				F3803EB5261D5FB000B594C4 /* Step.swift in Sources */,
				F3FE03DF261ED6E3002E35D6 /* StepTableViewController.swift in Sources */,
				F3FE6E34261ADDC000FA01D0 /* ViewController.swift in Sources */,
				F3FE03DC261EBCDD002E35D6 /* CustomCell.swift in Sources */,
				F370891B261C65930034E509 /* AnswerCell.swift in Sources */,
				F3803EAF261D583D00B594C4 /* Answer.swift in Sources */,
				F3FE6E30261ADDC000FA01D0 /* AppDelegate.swift in Sources */,
				F3FE6E32261ADDC000FA01D0 /* SceneDelegate.swift in Sources */,
			);
			runOnlyForDeploymentPostprocessing = 0;
		};
/* End PBXSourcesBuildPhase section */

/* Begin PBXVariantGroup section */
		F3FE6E35261ADDC000FA01D0 /* Main.storyboard */ = {
			isa = PBXVariantGroup;
			children = (
				F3FE6E36261ADDC000FA01D0 /* Base */,
			);
			name = Main.storyboard;
			sourceTree = "<group>";
		};
		F3FE6E3A261ADDC000FA01D0 /* LaunchScreen.storyboard */ = {
			isa = PBXVariantGroup;
			children = (
				F3FE6E3B261ADDC000FA01D0 /* Base */,
			);
			name = LaunchScreen.storyboard;
			sourceTree = "<group>";
		};
/* End PBXVariantGroup section */

/* Begin XCBuildConfiguration section */
		F3FE6E3E261ADDC000FA01D0 /* Debug */ = {
			isa = XCBuildConfiguration;
			buildSettings = {
				ALWAYS_SEARCH_USER_PATHS = NO;
				CLANG_ANALYZER_NONNULL = YES;
				CLANG_ANALYZER_NUMBER_OBJECT_CONVERSION = YES_AGGRESSIVE;
				CLANG_CXX_LANGUAGE_STANDARD = "gnu++14";
				CLANG_CXX_LIBRARY = "libc++";
				CLANG_ENABLE_MODULES = YES;
				CLANG_ENABLE_OBJC_ARC = YES;
				CLANG_ENABLE_OBJC_WEAK = YES;
				CLANG_WARN_BLOCK_CAPTURE_AUTORELEASING = YES;
				CLANG_WARN_BOOL_CONVERSION = YES;
				CLANG_WARN_COMMA = YES;
				CLANG_WARN_CONSTANT_CONVERSION = YES;
				CLANG_WARN_DEPRECATED_OBJC_IMPLEMENTATIONS = YES;
				CLANG_WARN_DIRECT_OBJC_ISA_USAGE = YES_ERROR;
				CLANG_WARN_DOCUMENTATION_COMMENTS = YES;
				CLANG_WARN_EMPTY_BODY = YES;
				CLANG_WARN_ENUM_CONVERSION = YES;
				CLANG_WARN_INFINITE_RECURSION = YES;
				CLANG_WARN_INT_CONVERSION = YES;
				CLANG_WARN_NON_LITERAL_NULL_CONVERSION = YES;
				CLANG_WARN_OBJC_IMPLICIT_RETAIN_SELF = YES;
				CLANG_WARN_OBJC_LITERAL_CONVERSION = YES;
				CLANG_WARN_OBJC_ROOT_CLASS = YES_ERROR;
				CLANG_WARN_QUOTED_INCLUDE_IN_FRAMEWORK_HEADER = YES;
				CLANG_WARN_RANGE_LOOP_ANALYSIS = YES;
				CLANG_WARN_STRICT_PROTOTYPES = YES;
				CLANG_WARN_SUSPICIOUS_MOVE = YES;
				CLANG_WARN_UNGUARDED_AVAILABILITY = YES_AGGRESSIVE;
				CLANG_WARN_UNREACHABLE_CODE = YES;
				CLANG_WARN__DUPLICATE_METHOD_MATCH = YES;
				COPY_PHASE_STRIP = NO;
				DEBUG_INFORMATION_FORMAT = dwarf;
				ENABLE_STRICT_OBJC_MSGSEND = YES;
				ENABLE_TESTABILITY = YES;
				GCC_C_LANGUAGE_STANDARD = gnu11;
				GCC_DYNAMIC_NO_PIC = NO;
				GCC_NO_COMMON_BLOCKS = YES;
				GCC_OPTIMIZATION_LEVEL = 0;
				GCC_PREPROCESSOR_DEFINITIONS = (
					"DEBUG=1",
					"$(inherited)",
				);
				GCC_WARN_64_TO_32_BIT_CONVERSION = YES;
				GCC_WARN_ABOUT_RETURN_TYPE = YES_ERROR;
				GCC_WARN_UNDECLARED_SELECTOR = YES;
				GCC_WARN_UNINITIALIZED_AUTOS = YES_AGGRESSIVE;
				GCC_WARN_UNUSED_FUNCTION = YES;
				GCC_WARN_UNUSED_VARIABLE = YES;
				IPHONEOS_DEPLOYMENT_TARGET = 14.4;
				MTL_ENABLE_DEBUG_INFO = INCLUDE_SOURCE;
				MTL_FAST_MATH = YES;
				ONLY_ACTIVE_ARCH = YES;
				SDKROOT = iphoneos;
				SWIFT_ACTIVE_COMPILATION_CONDITIONS = DEBUG;
				SWIFT_OPTIMIZATION_LEVEL = "-Onone";
			};
			name = Debug;
		};
		F3FE6E3F261ADDC000FA01D0 /* Release */ = {
			isa = XCBuildConfiguration;
			buildSettings = {
				ALWAYS_SEARCH_USER_PATHS = NO;
				CLANG_ANALYZER_NONNULL = YES;
				CLANG_ANALYZER_NUMBER_OBJECT_CONVERSION = YES_AGGRESSIVE;
				CLANG_CXX_LANGUAGE_STANDARD = "gnu++14";
				CLANG_CXX_LIBRARY = "libc++";
				CLANG_ENABLE_MODULES = YES;
				CLANG_ENABLE_OBJC_ARC = YES;
				CLANG_ENABLE_OBJC_WEAK = YES;
				CLANG_WARN_BLOCK_CAPTURE_AUTORELEASING = YES;
				CLANG_WARN_BOOL_CONVERSION = YES;
				CLANG_WARN_COMMA = YES;
				CLANG_WARN_CONSTANT_CONVERSION = YES;
				CLANG_WARN_DEPRECATED_OBJC_IMPLEMENTATIONS = YES;
				CLANG_WARN_DIRECT_OBJC_ISA_USAGE = YES_ERROR;
				CLANG_WARN_DOCUMENTATION_COMMENTS = YES;
				CLANG_WARN_EMPTY_BODY = YES;
				CLANG_WARN_ENUM_CONVERSION = YES;
				CLANG_WARN_INFINITE_RECURSION = YES;
				CLANG_WARN_INT_CONVERSION = YES;
				CLANG_WARN_NON_LITERAL_NULL_CONVERSION = YES;
				CLANG_WARN_OBJC_IMPLICIT_RETAIN_SELF = YES;
				CLANG_WARN_OBJC_LITERAL_CONVERSION = YES;
				CLANG_WARN_OBJC_ROOT_CLASS = YES_ERROR;
				CLANG_WARN_QUOTED_INCLUDE_IN_FRAMEWORK_HEADER = YES;
				CLANG_WARN_RANGE_LOOP_ANALYSIS = YES;
				CLANG_WARN_STRICT_PROTOTYPES = YES;
				CLANG_WARN_SUSPICIOUS_MOVE = YES;
				CLANG_WARN_UNGUARDED_AVAILABILITY = YES_AGGRESSIVE;
				CLANG_WARN_UNREACHABLE_CODE = YES;
				CLANG_WARN__DUPLICATE_METHOD_MATCH = YES;
				COPY_PHASE_STRIP = NO;
				DEBUG_INFORMATION_FORMAT = "dwarf-with-dsym";
				ENABLE_NS_ASSERTIONS = NO;
				ENABLE_STRICT_OBJC_MSGSEND = YES;
				GCC_C_LANGUAGE_STANDARD = gnu11;
				GCC_NO_COMMON_BLOCKS = YES;
				GCC_WARN_64_TO_32_BIT_CONVERSION = YES;
				GCC_WARN_ABOUT_RETURN_TYPE = YES_ERROR;
				GCC_WARN_UNDECLARED_SELECTOR = YES;
				GCC_WARN_UNINITIALIZED_AUTOS = YES_AGGRESSIVE;
				GCC_WARN_UNUSED_FUNCTION = YES;
				GCC_WARN_UNUSED_VARIABLE = YES;
				IPHONEOS_DEPLOYMENT_TARGET = 14.4;
				MTL_ENABLE_DEBUG_INFO = NO;
				MTL_FAST_MATH = YES;
				SDKROOT = iphoneos;
				SWIFT_COMPILATION_MODE = wholemodule;
				SWIFT_OPTIMIZATION_LEVEL = "-O";
				VALIDATE_PRODUCT = YES;
			};
			name = Release;
		};
		F3FE6E41261ADDC000FA01D0 /* Debug */ = {
			isa = XCBuildConfiguration;
			buildSettings = {
				ASSETCATALOG_COMPILER_APPICON_NAME = AppIcon;
				ASSETCATALOG_COMPILER_GLOBAL_ACCENT_COLOR_NAME = AccentColor;
				CODE_SIGN_STYLE = Automatic;
				DEVELOPMENT_TEAM = AM9KG4TB3A;
				INFOPLIST_FILE = 3Go/Info.plist;
				LD_RUNPATH_SEARCH_PATHS = (
					"$(inherited)",
					"@executable_path/Frameworks",
				);
				PRODUCT_BUNDLE_IDENTIFIER = "com.adisurya.-Go";
				PRODUCT_NAME = "$(TARGET_NAME)";
				SWIFT_VERSION = 5.0;
				TARGETED_DEVICE_FAMILY = 1;
			};
			name = Debug;
		};
		F3FE6E42261ADDC000FA01D0 /* Release */ = {
			isa = XCBuildConfiguration;
			buildSettings = {
				ASSETCATALOG_COMPILER_APPICON_NAME = AppIcon;
				ASSETCATALOG_COMPILER_GLOBAL_ACCENT_COLOR_NAME = AccentColor;
				CODE_SIGN_STYLE = Automatic;
				DEVELOPMENT_TEAM = AM9KG4TB3A;
				INFOPLIST_FILE = 3Go/Info.plist;
				LD_RUNPATH_SEARCH_PATHS = (
					"$(inherited)",
					"@executable_path/Frameworks",
				);
				PRODUCT_BUNDLE_IDENTIFIER = "com.adisurya.-Go";
				PRODUCT_NAME = "$(TARGET_NAME)";
				SWIFT_VERSION = 5.0;
				TARGETED_DEVICE_FAMILY = 1;
			};
			name = Release;
		};
/* End XCBuildConfiguration section */

/* Begin XCConfigurationList section */
		F3FE6E27261ADDBF00FA01D0 /* Build configuration list for PBXProject "3Go" */ = {
			isa = XCConfigurationList;
			buildConfigurations = (
				F3FE6E3E261ADDC000FA01D0 /* Debug */,
				F3FE6E3F261ADDC000FA01D0 /* Release */,
			);
			defaultConfigurationIsVisible = 0;
			defaultConfigurationName = Release;
		};
		F3FE6E40261ADDC000FA01D0 /* Build configuration list for PBXNativeTarget "3Go" */ = {
			isa = XCConfigurationList;
			buildConfigurations = (
				F3FE6E41261ADDC000FA01D0 /* Debug */,
				F3FE6E42261ADDC000FA01D0 /* Release */,
			);
			defaultConfigurationIsVisible = 0;
			defaultConfigurationName = Release;
		};
/* End XCConfigurationList section */
	};
	rootObject = F3FE6E24261ADDBF00FA01D0 /* Project object */;
}
